// !$*UTF8*$!
{
	archiveVersion = 1;
	classes = {
	};
	objectVersion = 46;
	objects = {

/* Begin PBXBuildFile section */
		69515B1316C2B70C0090AB82 /* UIKit.framework in Frameworks */ = {isa = PBXBuildFile; fileRef = 69515B1216C2B70C0090AB82 /* UIKit.framework */; };
		69515B1516C2B70C0090AB82 /* Foundation.framework in Frameworks */ = {isa = PBXBuildFile; fileRef = 69515B1416C2B70C0090AB82 /* Foundation.framework */; };
		69515B1716C2B70C0090AB82 /* CoreGraphics.framework in Frameworks */ = {isa = PBXBuildFile; fileRef = 69515B1616C2B70C0090AB82 /* CoreGraphics.framework */; };
		69515B1D16C2B70C0090AB82 /* InfoPlist.strings in Resources */ = {isa = PBXBuildFile; fileRef = 69515B1B16C2B70C0090AB82 /* InfoPlist.strings */; };
		69515B1F16C2B70C0090AB82 /* main.m in Sources */ = {isa = PBXBuildFile; fileRef = 69515B1E16C2B70C0090AB82 /* main.m */; };
		69515B2516C2B70C0090AB82 /* Default.png in Resources */ = {isa = PBXBuildFile; fileRef = 69515B2416C2B70C0090AB82 /* Default.png */; };
		69515B2716C2B70C0090AB82 /* Default@2x.png in Resources */ = {isa = PBXBuildFile; fileRef = 69515B2616C2B70C0090AB82 /* Default@2x.png */; };
		69515B2916C2B70C0090AB82 /* Default-568h@2x.png in Resources */ = {isa = PBXBuildFile; fileRef = 69515B2816C2B70C0090AB82 /* Default-568h@2x.png */; };
		695F174516CEBDCF009B820F /* OTSecondViewController.m in Sources */ = {isa = PBXBuildFile; fileRef = 695F174016CEBDCF009B820F /* OTSecondViewController.m */; };
		695F174616CEBDCF009B820F /* OTViewController.m in Sources */ = {isa = PBXBuildFile; fileRef = 695F174216CEBDCF009B820F /* OTViewController.m */; };
		695F174716CEBDCF009B820F /* OTViewController~ipad.xib in Resources */ = {isa = PBXBuildFile; fileRef = 695F174316CEBDCF009B820F /* OTViewController~ipad.xib */; };
		695F174816CEBDCF009B820F /* OTViewController~iphone.xib in Resources */ = {isa = PBXBuildFile; fileRef = 695F174416CEBDCF009B820F /* OTViewController~iphone.xib */; };
		695F174B16CEBDDC009B820F /* OTAppDelegate.m in Sources */ = {isa = PBXBuildFile; fileRef = 695F174A16CEBDDC009B820F /* OTAppDelegate.m */; };
		696DCB1716C40C7000B8E6CB /* MessageUI.framework in Frameworks */ = {isa = PBXBuildFile; fileRef = 696DCB1616C40C7000B8E6CB /* MessageUI.framework */; };
		69D204A16EB34DD4A7BDC52F /* libPods.a in Frameworks */ = {isa = PBXBuildFile; fileRef = 72E9740852474EDFADE536DE /* libPods.a */; };
		BF08699217994607001B87E4 /* UIColor+Appaloosa.m in Sources */ = {isa = PBXBuildFile; fileRef = BF08699117994607001B87E4 /* UIColor+Appaloosa.m */; };
		BF5BF2741796E83100E3FA38 /* OTAppaloosaInAppFeedbackViewController.m in Sources */ = {isa = PBXBuildFile; fileRef = BF5BF2591796E83100E3FA38 /* OTAppaloosaInAppFeedbackViewController.m */; };
		BF5BF2751796E83100E3FA38 /* OTAppaloosaInAppFeedbackViewController~ipad.xib in Resources */ = {isa = PBXBuildFile; fileRef = BF5BF25A1796E83100E3FA38 /* OTAppaloosaInAppFeedbackViewController~ipad.xib */; };
		BF5BF2761796E83100E3FA38 /* OTAppaloosaInAppFeedbackViewController~iphone.xib in Resources */ = {isa = PBXBuildFile; fileRef = BF5BF25B1796E83100E3FA38 /* OTAppaloosaInAppFeedbackViewController~iphone.xib */; };
		BF5BF2771796E83100E3FA38 /* OTAppaloosaActionButtonsManager.m in Sources */ = {isa = PBXBuildFile; fileRef = BF5BF25E1796E83100E3FA38 /* OTAppaloosaActionButtonsManager.m */; };
		BF5BF2781796E83100E3FA38 /* OTAppaloosaSimpleUpdateService.m in Sources */ = {isa = PBXBuildFile; fileRef = BF5BF2621796E83100E3FA38 /* OTAppaloosaSimpleUpdateService.m */; };
		BF5BF2791796E83100E3FA38 /* OTAppaloosaUpdateService.m in Sources */ = {isa = PBXBuildFile; fileRef = BF5BF2641796E83100E3FA38 /* OTAppaloosaUpdateService.m */; };
		BF5BF27A1796E83100E3FA38 /* NSString+URLEncoding.m in Sources */ = {isa = PBXBuildFile; fileRef = BF5BF2671796E83100E3FA38 /* NSString+URLEncoding.m */; };
		BF5BF27B1796E83100E3FA38 /* UIViewController+CurrentPresentedController.m in Sources */ = {isa = PBXBuildFile; fileRef = BF5BF2691796E83100E3FA38 /* UIViewController+CurrentPresentedController.m */; };
		BF5BF27C1796E83100E3FA38 /* LICENCE in Resources */ = {isa = PBXBuildFile; fileRef = BF5BF26B1796E83100E3FA38 /* LICENCE */; };
		BF5BF27D1796E83100E3FA38 /* SSTextView.m in Sources */ = {isa = PBXBuildFile; fileRef = BF5BF26D1796E83100E3FA38 /* SSTextView.m */; };
		BF5BF27E1796E83100E3FA38 /* btn_bottomFeedback.png in Resources */ = {isa = PBXBuildFile; fileRef = BF5BF2701796E83100E3FA38 /* btn_bottomFeedback.png */; };
		BF5BF27F1796E83100E3FA38 /* btn_bottomFeedback@2x.png in Resources */ = {isa = PBXBuildFile; fileRef = BF5BF2711796E83100E3FA38 /* btn_bottomFeedback@2x.png */; };
		BF5BF2801796E83100E3FA38 /* btn_rightFeedback.png in Resources */ = {isa = PBXBuildFile; fileRef = BF5BF2721796E83100E3FA38 /* btn_rightFeedback.png */; };
		BF5BF2811796E83100E3FA38 /* btn_rightFeedback@2x.png in Resources */ = {isa = PBXBuildFile; fileRef = BF5BF2731796E83100E3FA38 /* btn_rightFeedback@2x.png */; };
		BF5BF2851796F52200E3FA38 /* OTAppaloosaDevPanelViewController.m in Sources */ = {isa = PBXBuildFile; fileRef = BF5BF2831796F52200E3FA38 /* OTAppaloosaDevPanelViewController.m */; };
		BF5BF2861796F52200E3FA38 /* OTAppaloosaDevPanelViewController.xib in Resources */ = {isa = PBXBuildFile; fileRef = BF5BF2841796F52200E3FA38 /* OTAppaloosaDevPanelViewController.xib */; };
		BF5BF2891797DBB200E3FA38 /* OTAppaloosaSystemPropertyService.m in Sources */ = {isa = PBXBuildFile; fileRef = BF5BF2881797DBB200E3FA38 /* OTAppaloosaSystemPropertyService.m */; };
		BF5BF28D1797DD4500E3FA38 /* OTAppaloosaConfigProperty.m in Sources */ = {isa = PBXBuildFile; fileRef = BF5BF28C1797DD4500E3FA38 /* OTAppaloosaConfigProperty.m */; };
		BF5BF2901797EBA400E3FA38 /* OTAppaloosaActionButtonUtil.m in Sources */ = {isa = PBXBuildFile; fileRef = BF5BF28F1797EBA400E3FA38 /* OTAppaloosaActionButtonUtil.m */; };
		BFEE7E6B17992BCB007B22AC /* OTConfigPropertyCell.m in Sources */ = {isa = PBXBuildFile; fileRef = BFEE7E6A17992BCB007B22AC /* OTConfigPropertyCell.m */; };
		BFEE7E6D17992C0E007B22AC /* OTConfigPropertyCell.xib in Resources */ = {isa = PBXBuildFile; fileRef = BFEE7E6C17992C0E007B22AC /* OTConfigPropertyCell.xib */; };
/* End PBXBuildFile section */

/* Begin PBXFileReference section */
		69515B0E16C2B70C0090AB82 /* OTInAppFeedback.app */ = {isa = PBXFileReference; explicitFileType = wrapper.application; includeInIndex = 0; path = OTInAppFeedback.app; sourceTree = BUILT_PRODUCTS_DIR; };
		69515B1216C2B70C0090AB82 /* UIKit.framework */ = {isa = PBXFileReference; lastKnownFileType = wrapper.framework; name = UIKit.framework; path = System/Library/Frameworks/UIKit.framework; sourceTree = SDKROOT; };
		69515B1416C2B70C0090AB82 /* Foundation.framework */ = {isa = PBXFileReference; lastKnownFileType = wrapper.framework; name = Foundation.framework; path = System/Library/Frameworks/Foundation.framework; sourceTree = SDKROOT; };
		69515B1616C2B70C0090AB82 /* CoreGraphics.framework */ = {isa = PBXFileReference; lastKnownFileType = wrapper.framework; name = CoreGraphics.framework; path = System/Library/Frameworks/CoreGraphics.framework; sourceTree = SDKROOT; };
		69515B1A16C2B70C0090AB82 /* OTInAppFeedback-Info.plist */ = {isa = PBXFileReference; lastKnownFileType = text.plist.xml; path = "OTInAppFeedback-Info.plist"; sourceTree = "<group>"; };
		69515B1C16C2B70C0090AB82 /* en */ = {isa = PBXFileReference; lastKnownFileType = text.plist.strings; name = en; path = en.lproj/InfoPlist.strings; sourceTree = "<group>"; };
		69515B1E16C2B70C0090AB82 /* main.m */ = {isa = PBXFileReference; lastKnownFileType = sourcecode.c.objc; path = main.m; sourceTree = "<group>"; };
		69515B2016C2B70C0090AB82 /* OTInAppFeedback-Prefix.pch */ = {isa = PBXFileReference; lastKnownFileType = sourcecode.c.h; path = "OTInAppFeedback-Prefix.pch"; sourceTree = "<group>"; };
		69515B2416C2B70C0090AB82 /* Default.png */ = {isa = PBXFileReference; lastKnownFileType = image.png; path = Default.png; sourceTree = "<group>"; };
		69515B2616C2B70C0090AB82 /* Default@2x.png */ = {isa = PBXFileReference; lastKnownFileType = image.png; path = "Default@2x.png"; sourceTree = "<group>"; };
		69515B2816C2B70C0090AB82 /* Default-568h@2x.png */ = {isa = PBXFileReference; lastKnownFileType = image.png; path = "Default-568h@2x.png"; sourceTree = "<group>"; };
		695F173F16CEBDCF009B820F /* OTSecondViewController.h */ = {isa = PBXFileReference; fileEncoding = 4; lastKnownFileType = sourcecode.c.h; path = OTSecondViewController.h; sourceTree = "<group>"; };
		695F174016CEBDCF009B820F /* OTSecondViewController.m */ = {isa = PBXFileReference; fileEncoding = 4; lastKnownFileType = sourcecode.c.objc; path = OTSecondViewController.m; sourceTree = "<group>"; };
		695F174116CEBDCF009B820F /* OTViewController.h */ = {isa = PBXFileReference; fileEncoding = 4; lastKnownFileType = sourcecode.c.h; path = OTViewController.h; sourceTree = "<group>"; };
		695F174216CEBDCF009B820F /* OTViewController.m */ = {isa = PBXFileReference; fileEncoding = 4; lastKnownFileType = sourcecode.c.objc; path = OTViewController.m; sourceTree = "<group>"; };
		695F174316CEBDCF009B820F /* OTViewController~ipad.xib */ = {isa = PBXFileReference; fileEncoding = 4; lastKnownFileType = file.xib; path = "OTViewController~ipad.xib"; sourceTree = "<group>"; };
		695F174416CEBDCF009B820F /* OTViewController~iphone.xib */ = {isa = PBXFileReference; fileEncoding = 4; lastKnownFileType = file.xib; path = "OTViewController~iphone.xib"; sourceTree = "<group>"; };
		695F174916CEBDDC009B820F /* OTAppDelegate.h */ = {isa = PBXFileReference; fileEncoding = 4; lastKnownFileType = sourcecode.c.h; path = OTAppDelegate.h; sourceTree = "<group>"; };
		695F174A16CEBDDC009B820F /* OTAppDelegate.m */ = {isa = PBXFileReference; fileEncoding = 4; lastKnownFileType = sourcecode.c.objc; path = OTAppDelegate.m; sourceTree = "<group>"; };
		696DCB1616C40C7000B8E6CB /* MessageUI.framework */ = {isa = PBXFileReference; lastKnownFileType = wrapper.framework; name = MessageUI.framework; path = System/Library/Frameworks/MessageUI.framework; sourceTree = SDKROOT; };
		72E9740852474EDFADE536DE /* libPods.a */ = {isa = PBXFileReference; explicitFileType = archive.ar; includeInIndex = 0; path = libPods.a; sourceTree = BUILT_PRODUCTS_DIR; };
		A82D169D6E134C88ABC7B178 /* Pods.xcconfig */ = {isa = PBXFileReference; includeInIndex = 1; lastKnownFileType = text.xcconfig; name = Pods.xcconfig; path = Pods/Pods.xcconfig; sourceTree = SOURCE_ROOT; };
		BF08699017994607001B87E4 /* UIColor+Appaloosa.h */ = {isa = PBXFileReference; fileEncoding = 4; lastKnownFileType = sourcecode.c.h; path = "UIColor+Appaloosa.h"; sourceTree = "<group>"; };
		BF08699117994607001B87E4 /* UIColor+Appaloosa.m */ = {isa = PBXFileReference; fileEncoding = 4; lastKnownFileType = sourcecode.c.objc; path = "UIColor+Appaloosa.m"; sourceTree = "<group>"; };
		BF5BF2581796E83100E3FA38 /* OTAppaloosaInAppFeedbackViewController.h */ = {isa = PBXFileReference; fileEncoding = 4; lastKnownFileType = sourcecode.c.h; path = OTAppaloosaInAppFeedbackViewController.h; sourceTree = "<group>"; };
		BF5BF2591796E83100E3FA38 /* OTAppaloosaInAppFeedbackViewController.m */ = {isa = PBXFileReference; fileEncoding = 4; lastKnownFileType = sourcecode.c.objc; path = OTAppaloosaInAppFeedbackViewController.m; sourceTree = "<group>"; };
		BF5BF25A1796E83100E3FA38 /* OTAppaloosaInAppFeedbackViewController~ipad.xib */ = {isa = PBXFileReference; fileEncoding = 4; lastKnownFileType = file.xib; path = "OTAppaloosaInAppFeedbackViewController~ipad.xib"; sourceTree = "<group>"; };
		BF5BF25B1796E83100E3FA38 /* OTAppaloosaInAppFeedbackViewController~iphone.xib */ = {isa = PBXFileReference; fileEncoding = 4; lastKnownFileType = file.xib; path = "OTAppaloosaInAppFeedbackViewController~iphone.xib"; sourceTree = "<group>"; };
		BF5BF25D1796E83100E3FA38 /* OTAppaloosaActionButtonsManager.h */ = {isa = PBXFileReference; fileEncoding = 4; lastKnownFileType = sourcecode.c.h; path = OTAppaloosaActionButtonsManager.h; sourceTree = "<group>"; };
		BF5BF25E1796E83100E3FA38 /* OTAppaloosaActionButtonsManager.m */ = {isa = PBXFileReference; fileEncoding = 4; lastKnownFileType = sourcecode.c.objc; path = OTAppaloosaActionButtonsManager.m; sourceTree = "<group>"; };
		BF5BF25F1796E83100E3FA38 /* OTAppaloosa.h */ = {isa = PBXFileReference; fileEncoding = 4; lastKnownFileType = sourcecode.c.h; path = OTAppaloosa.h; sourceTree = "<group>"; };
		BF5BF2611796E83100E3FA38 /* OTAppaloosaSimpleUpdateService.h */ = {isa = PBXFileReference; fileEncoding = 4; lastKnownFileType = sourcecode.c.h; path = OTAppaloosaSimpleUpdateService.h; sourceTree = "<group>"; };
		BF5BF2621796E83100E3FA38 /* OTAppaloosaSimpleUpdateService.m */ = {isa = PBXFileReference; fileEncoding = 4; lastKnownFileType = sourcecode.c.objc; path = OTAppaloosaSimpleUpdateService.m; sourceTree = "<group>"; };
		BF5BF2631796E83100E3FA38 /* OTAppaloosaUpdateService.h */ = {isa = PBXFileReference; fileEncoding = 4; lastKnownFileType = sourcecode.c.h; path = OTAppaloosaUpdateService.h; sourceTree = "<group>"; };
		BF5BF2641796E83100E3FA38 /* OTAppaloosaUpdateService.m */ = {isa = PBXFileReference; fileEncoding = 4; lastKnownFileType = sourcecode.c.objc; path = OTAppaloosaUpdateService.m; sourceTree = "<group>"; };
		BF5BF2661796E83100E3FA38 /* NSString+URLEncoding.h */ = {isa = PBXFileReference; fileEncoding = 4; lastKnownFileType = sourcecode.c.h; path = "NSString+URLEncoding.h"; sourceTree = "<group>"; };
		BF5BF2671796E83100E3FA38 /* NSString+URLEncoding.m */ = {isa = PBXFileReference; fileEncoding = 4; lastKnownFileType = sourcecode.c.objc; path = "NSString+URLEncoding.m"; sourceTree = "<group>"; };
		BF5BF2681796E83100E3FA38 /* UIViewController+CurrentPresentedController.h */ = {isa = PBXFileReference; fileEncoding = 4; lastKnownFileType = sourcecode.c.h; path = "UIViewController+CurrentPresentedController.h"; sourceTree = "<group>"; };
		BF5BF2691796E83100E3FA38 /* UIViewController+CurrentPresentedController.m */ = {isa = PBXFileReference; fileEncoding = 4; lastKnownFileType = sourcecode.c.objc; path = "UIViewController+CurrentPresentedController.m"; sourceTree = "<group>"; };
		BF5BF26B1796E83100E3FA38 /* LICENCE */ = {isa = PBXFileReference; fileEncoding = 4; lastKnownFileType = text; path = LICENCE; sourceTree = "<group>"; };
		BF5BF26C1796E83100E3FA38 /* SSTextView.h */ = {isa = PBXFileReference; fileEncoding = 4; lastKnownFileType = sourcecode.c.h; path = SSTextView.h; sourceTree = "<group>"; };
		BF5BF26D1796E83100E3FA38 /* SSTextView.m */ = {isa = PBXFileReference; fileEncoding = 4; lastKnownFileType = sourcecode.c.objc; path = SSTextView.m; sourceTree = "<group>"; };
		BF5BF2701796E83100E3FA38 /* btn_bottomFeedback.png */ = {isa = PBXFileReference; lastKnownFileType = image.png; path = btn_bottomFeedback.png; sourceTree = "<group>"; };
		BF5BF2711796E83100E3FA38 /* btn_bottomFeedback@2x.png */ = {isa = PBXFileReference; lastKnownFileType = image.png; path = "btn_bottomFeedback@2x.png"; sourceTree = "<group>"; };
		BF5BF2721796E83100E3FA38 /* btn_rightFeedback.png */ = {isa = PBXFileReference; lastKnownFileType = image.png; path = btn_rightFeedback.png; sourceTree = "<group>"; };
		BF5BF2731796E83100E3FA38 /* btn_rightFeedback@2x.png */ = {isa = PBXFileReference; lastKnownFileType = image.png; path = "btn_rightFeedback@2x.png"; sourceTree = "<group>"; };
		BF5BF2821796F52200E3FA38 /* OTAppaloosaDevPanelViewController.h */ = {isa = PBXFileReference; fileEncoding = 4; lastKnownFileType = sourcecode.c.h; path = OTAppaloosaDevPanelViewController.h; sourceTree = "<group>"; };
		BF5BF2831796F52200E3FA38 /* OTAppaloosaDevPanelViewController.m */ = {isa = PBXFileReference; fileEncoding = 4; lastKnownFileType = sourcecode.c.objc; path = OTAppaloosaDevPanelViewController.m; sourceTree = "<group>"; };
		BF5BF2841796F52200E3FA38 /* OTAppaloosaDevPanelViewController.xib */ = {isa = PBXFileReference; fileEncoding = 4; lastKnownFileType = file.xib; path = OTAppaloosaDevPanelViewController.xib; sourceTree = "<group>"; };
		BF5BF2871797DBB200E3FA38 /* OTAppaloosaSystemPropertyService.h */ = {isa = PBXFileReference; fileEncoding = 4; lastKnownFileType = sourcecode.c.h; path = OTAppaloosaSystemPropertyService.h; sourceTree = "<group>"; };
		BF5BF2881797DBB200E3FA38 /* OTAppaloosaSystemPropertyService.m */ = {isa = PBXFileReference; fileEncoding = 4; lastKnownFileType = sourcecode.c.objc; path = OTAppaloosaSystemPropertyService.m; sourceTree = "<group>"; };
		BF5BF28B1797DD4500E3FA38 /* OTAppaloosaConfigProperty.h */ = {isa = PBXFileReference; fileEncoding = 4; lastKnownFileType = sourcecode.c.h; path = OTAppaloosaConfigProperty.h; sourceTree = "<group>"; };
		BF5BF28C1797DD4500E3FA38 /* OTAppaloosaConfigProperty.m */ = {isa = PBXFileReference; fileEncoding = 4; lastKnownFileType = sourcecode.c.objc; path = OTAppaloosaConfigProperty.m; sourceTree = "<group>"; };
		BF5BF28E1797EBA300E3FA38 /* OTAppaloosaActionButtonUtil.h */ = {isa = PBXFileReference; fileEncoding = 4; lastKnownFileType = sourcecode.c.h; path = OTAppaloosaActionButtonUtil.h; sourceTree = "<group>"; };
		BF5BF28F1797EBA400E3FA38 /* OTAppaloosaActionButtonUtil.m */ = {isa = PBXFileReference; fileEncoding = 4; lastKnownFileType = sourcecode.c.objc; path = OTAppaloosaActionButtonUtil.m; sourceTree = "<group>"; };
		BFEE7E6917992BCB007B22AC /* OTConfigPropertyCell.h */ = {isa = PBXFileReference; fileEncoding = 4; lastKnownFileType = sourcecode.c.h; path = OTConfigPropertyCell.h; sourceTree = "<group>"; };
		BFEE7E6A17992BCB007B22AC /* OTConfigPropertyCell.m */ = {isa = PBXFileReference; fileEncoding = 4; lastKnownFileType = sourcecode.c.objc; path = OTConfigPropertyCell.m; sourceTree = "<group>"; };
		BFEE7E6C17992C0E007B22AC /* OTConfigPropertyCell.xib */ = {isa = PBXFileReference; fileEncoding = 4; lastKnownFileType = file.xib; path = OTConfigPropertyCell.xib; sourceTree = "<group>"; };
/* End PBXFileReference section */

/* Begin PBXFrameworksBuildPhase section */
		69515B0B16C2B70C0090AB82 /* Frameworks */ = {
			isa = PBXFrameworksBuildPhase;
			buildActionMask = 2147483647;
			files = (
				696DCB1716C40C7000B8E6CB /* MessageUI.framework in Frameworks */,
				69515B1316C2B70C0090AB82 /* UIKit.framework in Frameworks */,
				69515B1516C2B70C0090AB82 /* Foundation.framework in Frameworks */,
				69515B1716C2B70C0090AB82 /* CoreGraphics.framework in Frameworks */,
				69D204A16EB34DD4A7BDC52F /* libPods.a in Frameworks */,
			);
			runOnlyForDeploymentPostprocessing = 0;
		};
/* End PBXFrameworksBuildPhase section */

/* Begin PBXGroup section */
		69515B0316C2B70C0090AB82 = {
			isa = PBXGroup;
			children = (
				69515B1816C2B70C0090AB82 /* OTInAppFeedback */,
				69515B1116C2B70C0090AB82 /* Frameworks */,
				69515B0F16C2B70C0090AB82 /* Products */,
				A82D169D6E134C88ABC7B178 /* Pods.xcconfig */,
			);
			sourceTree = "<group>";
		};
		69515B0F16C2B70C0090AB82 /* Products */ = {
			isa = PBXGroup;
			children = (
				69515B0E16C2B70C0090AB82 /* OTInAppFeedback.app */,
			);
			name = Products;
			sourceTree = "<group>";
		};
		69515B1116C2B70C0090AB82 /* Frameworks */ = {
			isa = PBXGroup;
			children = (
				696DCB1616C40C7000B8E6CB /* MessageUI.framework */,
				69515B1216C2B70C0090AB82 /* UIKit.framework */,
				69515B1416C2B70C0090AB82 /* Foundation.framework */,
				69515B1616C2B70C0090AB82 /* CoreGraphics.framework */,
				72E9740852474EDFADE536DE /* libPods.a */,
			);
			name = Frameworks;
			sourceTree = "<group>";
		};
		69515B1816C2B70C0090AB82 /* OTInAppFeedback */ = {
			isa = PBXGroup;
			children = (
				BF5BF2551796E83100E3FA38 /* OTAppaloosa */,
				6952CEC516C5262D003CD14C /* Classes */,
				69515B1916C2B70C0090AB82 /* Supporting Files */,
			);
			path = OTInAppFeedback;
			sourceTree = "<group>";
		};
		69515B1916C2B70C0090AB82 /* Supporting Files */ = {
			isa = PBXGroup;
			children = (
				69515B1A16C2B70C0090AB82 /* OTInAppFeedback-Info.plist */,
				69515B1B16C2B70C0090AB82 /* InfoPlist.strings */,
				69515B1E16C2B70C0090AB82 /* main.m */,
				69515B2016C2B70C0090AB82 /* OTInAppFeedback-Prefix.pch */,
				69515B2416C2B70C0090AB82 /* Default.png */,
				69515B2616C2B70C0090AB82 /* Default@2x.png */,
				69515B2816C2B70C0090AB82 /* Default-568h@2x.png */,
			);
			name = "Supporting Files";
			sourceTree = "<group>";
		};
		6952CEC516C5262D003CD14C /* Classes */ = {
			isa = PBXGroup;
			children = (
				695F174916CEBDDC009B820F /* OTAppDelegate.h */,
				695F174A16CEBDDC009B820F /* OTAppDelegate.m */,
				6952CEC616C52642003CD14C /* Controller */,
			);
			path = Classes;
			sourceTree = "<group>";
		};
		6952CEC616C52642003CD14C /* Controller */ = {
			isa = PBXGroup;
			children = (
				695F173F16CEBDCF009B820F /* OTSecondViewController.h */,
				695F174016CEBDCF009B820F /* OTSecondViewController.m */,
				695F174116CEBDCF009B820F /* OTViewController.h */,
				695F174216CEBDCF009B820F /* OTViewController.m */,
				695F174316CEBDCF009B820F /* OTViewController~ipad.xib */,
				695F174416CEBDCF009B820F /* OTViewController~iphone.xib */,
			);
			path = Controller;
			sourceTree = "<group>";
		};
		BF5BF2551796E83100E3FA38 /* OTAppaloosa */ = {
			isa = PBXGroup;
			children = (
				BF5BF2561796E83100E3FA38 /* Classes */,
				BF5BF26E1796E83100E3FA38 /* Resources */,
			);
			name = OTAppaloosa;
			path = ../../../OTAppaloosa;
			sourceTree = "<group>";
		};
		BF5BF2561796E83100E3FA38 /* Classes */ = {
			isa = PBXGroup;
			children = (
				BF5BF28A1797DCFD00E3FA38 /* Model */,
				BF5BF2571796E83100E3FA38 /* Controller */,
				BF5BF25C1796E83100E3FA38 /* Manager */,
				BF5BF25F1796E83100E3FA38 /* OTAppaloosa.h */,
				BF5BF2601796E83100E3FA38 /* Service */,
				BF5BF2651796E83100E3FA38 /* Utils */,
				BF5BF26A1796E83100E3FA38 /* View */,
			);
			path = Classes;
			sourceTree = "<group>";
		};
		BF5BF2571796E83100E3FA38 /* Controller */ = {
			isa = PBXGroup;
			children = (
				BF5BF2581796E83100E3FA38 /* OTAppaloosaInAppFeedbackViewController.h */,
				BF5BF2591796E83100E3FA38 /* OTAppaloosaInAppFeedbackViewController.m */,
				BF5BF25A1796E83100E3FA38 /* OTAppaloosaInAppFeedbackViewController~ipad.xib */,
				BF5BF25B1796E83100E3FA38 /* OTAppaloosaInAppFeedbackViewController~iphone.xib */,
				BF5BF2821796F52200E3FA38 /* OTAppaloosaDevPanelViewController.h */,
				BF5BF2831796F52200E3FA38 /* OTAppaloosaDevPanelViewController.m */,
				BF5BF2841796F52200E3FA38 /* OTAppaloosaDevPanelViewController.xib */,
			);
			path = Controller;
			sourceTree = "<group>";
		};
		BF5BF25C1796E83100E3FA38 /* Manager */ = {
			isa = PBXGroup;
			children = (
				BF5BF25D1796E83100E3FA38 /* OTAppaloosaActionButtonsManager.h */,
				BF5BF25E1796E83100E3FA38 /* OTAppaloosaActionButtonsManager.m */,
			);
			path = Manager;
			sourceTree = "<group>";
		};
		BF5BF2601796E83100E3FA38 /* Service */ = {
			isa = PBXGroup;
			children = (
				BF5BF2611796E83100E3FA38 /* OTAppaloosaSimpleUpdateService.h */,
				BF5BF2621796E83100E3FA38 /* OTAppaloosaSimpleUpdateService.m */,
				BF5BF2631796E83100E3FA38 /* OTAppaloosaUpdateService.h */,
				BF5BF2641796E83100E3FA38 /* OTAppaloosaUpdateService.m */,
				BF5BF2871797DBB200E3FA38 /* OTAppaloosaSystemPropertyService.h */,
				BF5BF2881797DBB200E3FA38 /* OTAppaloosaSystemPropertyService.m */,
			);
			path = Service;
			sourceTree = "<group>";
		};
		BF5BF2651796E83100E3FA38 /* Utils */ = {
			isa = PBXGroup;
			children = (
				BF5BF2661796E83100E3FA38 /* NSString+URLEncoding.h */,
				BF5BF2671796E83100E3FA38 /* NSString+URLEncoding.m */,
				BF5BF2681796E83100E3FA38 /* UIViewController+CurrentPresentedController.h */,
				BF5BF2691796E83100E3FA38 /* UIViewController+CurrentPresentedController.m */,
				BF5BF28E1797EBA300E3FA38 /* OTAppaloosaActionButtonUtil.h */,
				BF5BF28F1797EBA400E3FA38 /* OTAppaloosaActionButtonUtil.m */,
				BF08699017994607001B87E4 /* UIColor+Appaloosa.h */,
				BF08699117994607001B87E4 /* UIColor+Appaloosa.m */,
			);
			path = Utils;
			sourceTree = "<group>";
		};
		BF5BF26A1796E83100E3FA38 /* View */ = {
			isa = PBXGroup;
			children = (
				BFEE7E6717992B04007B22AC /* Cell */,
				BF5BF26B1796E83100E3FA38 /* LICENCE */,
				BF5BF26C1796E83100E3FA38 /* SSTextView.h */,
				BF5BF26D1796E83100E3FA38 /* SSTextView.m */,
			);
			path = View;
			sourceTree = "<group>";
		};
		BF5BF26E1796E83100E3FA38 /* Resources */ = {
			isa = PBXGroup;
			children = (
				BF5BF26F1796E83100E3FA38 /* Images */,
			);
			path = Resources;
			sourceTree = "<group>";
		};
		BF5BF26F1796E83100E3FA38 /* Images */ = {
			isa = PBXGroup;
			children = (
				BF5BF2701796E83100E3FA38 /* btn_bottomFeedback.png */,
				BF5BF2711796E83100E3FA38 /* btn_bottomFeedback@2x.png */,
				BF5BF2721796E83100E3FA38 /* btn_rightFeedback.png */,
				BF5BF2731796E83100E3FA38 /* btn_rightFeedback@2x.png */,
			);
			path = Images;
			sourceTree = "<group>";
		};
		BF5BF28A1797DCFD00E3FA38 /* Model */ = {
			isa = PBXGroup;
			children = (
				BF5BF28B1797DD4500E3FA38 /* OTAppaloosaConfigProperty.h */,
				BF5BF28C1797DD4500E3FA38 /* OTAppaloosaConfigProperty.m */,
			);
			path = Model;
			sourceTree = "<group>";
		};
		BFEE7E6717992B04007B22AC /* Cell */ = {
			isa = PBXGroup;
			children = (
				BFEE7E6817992B66007B22AC /* ConfigPropertyCell */,
			);
			path = Cell;
			sourceTree = "<group>";
		};
		BFEE7E6817992B66007B22AC /* ConfigPropertyCell */ = {
			isa = PBXGroup;
			children = (
				BFEE7E6917992BCB007B22AC /* OTConfigPropertyCell.h */,
				BFEE7E6A17992BCB007B22AC /* OTConfigPropertyCell.m */,
				BFEE7E6C17992C0E007B22AC /* OTConfigPropertyCell.xib */,
			);
			path = ConfigPropertyCell;
			sourceTree = "<group>";
		};
/* End PBXGroup section */

/* Begin PBXNativeTarget section */
		69515B0D16C2B70C0090AB82 /* OTInAppFeedback */ = {
			isa = PBXNativeTarget;
			buildConfigurationList = 69515B3516C2B70C0090AB82 /* Build configuration list for PBXNativeTarget "OTInAppFeedback" */;
			buildPhases = (
				69515B0A16C2B70C0090AB82 /* Sources */,
				69515B0B16C2B70C0090AB82 /* Frameworks */,
				69515B0C16C2B70C0090AB82 /* Resources */,
				51246C4B66B2418BA13EDAFB /* Copy Pods Resources */,
			);
			buildRules = (
			);
			dependencies = (
			);
			name = OTInAppFeedback;
			productName = OTInAppFeedback;
			productReference = 69515B0E16C2B70C0090AB82 /* OTInAppFeedback.app */;
			productType = "com.apple.product-type.application";
		};
/* End PBXNativeTarget section */

/* Begin PBXProject section */
		69515B0516C2B70C0090AB82 /* Project object */ = {
			isa = PBXProject;
			attributes = {
				CLASSPREFIX = OT;
				LastUpgradeCheck = 0450;
				ORGANIZATIONNAME = OCTO;
			};
			buildConfigurationList = 69515B0816C2B70C0090AB82 /* Build configuration list for PBXProject "OTInAppFeedback" */;
			compatibilityVersion = "Xcode 3.2";
			developmentRegion = English;
			hasScannedForEncodings = 0;
			knownRegions = (
				en,
			);
			mainGroup = 69515B0316C2B70C0090AB82;
			productRefGroup = 69515B0F16C2B70C0090AB82 /* Products */;
			projectDirPath = "";
			projectRoot = "";
			targets = (
				69515B0D16C2B70C0090AB82 /* OTInAppFeedback */,
			);
		};
/* End PBXProject section */

/* Begin PBXResourcesBuildPhase section */
		69515B0C16C2B70C0090AB82 /* Resources */ = {
			isa = PBXResourcesBuildPhase;
			buildActionMask = 2147483647;
			files = (
				69515B1D16C2B70C0090AB82 /* InfoPlist.strings in Resources */,
				69515B2516C2B70C0090AB82 /* Default.png in Resources */,
				69515B2716C2B70C0090AB82 /* Default@2x.png in Resources */,
				69515B2916C2B70C0090AB82 /* Default-568h@2x.png in Resources */,
				695F174716CEBDCF009B820F /* OTViewController~ipad.xib in Resources */,
				695F174816CEBDCF009B820F /* OTViewController~iphone.xib in Resources */,
				BF5BF2751796E83100E3FA38 /* OTAppaloosaInAppFeedbackViewController~ipad.xib in Resources */,
				BF5BF2761796E83100E3FA38 /* OTAppaloosaInAppFeedbackViewController~iphone.xib in Resources */,
				BF5BF27C1796E83100E3FA38 /* LICENCE in Resources */,
				BF5BF27E1796E83100E3FA38 /* btn_bottomFeedback.png in Resources */,
				BF5BF27F1796E83100E3FA38 /* btn_bottomFeedback@2x.png in Resources */,
				BF5BF2801796E83100E3FA38 /* btn_rightFeedback.png in Resources */,
				BF5BF2811796E83100E3FA38 /* btn_rightFeedback@2x.png in Resources */,
				BF5BF2861796F52200E3FA38 /* OTAppaloosaDevPanelViewController.xib in Resources */,
				BFEE7E6D17992C0E007B22AC /* OTConfigPropertyCell.xib in Resources */,
			);
			runOnlyForDeploymentPostprocessing = 0;
		};
/* End PBXResourcesBuildPhase section */

/* Begin PBXShellScriptBuildPhase section */
		51246C4B66B2418BA13EDAFB /* Copy Pods Resources */ = {
			isa = PBXShellScriptBuildPhase;
			buildActionMask = 2147483647;
			files = (
			);
			inputPaths = (
			);
			name = "Copy Pods Resources";
			outputPaths = (
			);
			runOnlyForDeploymentPostprocessing = 0;
			shellPath = /bin/sh;
			shellScript = "\"${SRCROOT}/Pods/Pods-resources.sh\"\n";
		};
/* End PBXShellScriptBuildPhase section */

/* Begin PBXSourcesBuildPhase section */
		69515B0A16C2B70C0090AB82 /* Sources */ = {
			isa = PBXSourcesBuildPhase;
			buildActionMask = 2147483647;
			files = (
				69515B1F16C2B70C0090AB82 /* main.m in Sources */,
				695F174516CEBDCF009B820F /* OTSecondViewController.m in Sources */,
				695F174616CEBDCF009B820F /* OTViewController.m in Sources */,
				695F174B16CEBDDC009B820F /* OTAppDelegate.m in Sources */,
				BF5BF2741796E83100E3FA38 /* OTAppaloosaInAppFeedbackViewController.m in Sources */,
				BF5BF2771796E83100E3FA38 /* OTAppaloosaActionButtonsManager.m in Sources */,
				BF5BF2781796E83100E3FA38 /* OTAppaloosaSimpleUpdateService.m in Sources */,
				BF5BF2791796E83100E3FA38 /* OTAppaloosaUpdateService.m in Sources */,
				BF5BF27A1796E83100E3FA38 /* NSString+URLEncoding.m in Sources */,
				BF5BF27B1796E83100E3FA38 /* UIViewController+CurrentPresentedController.m in Sources */,
				BF5BF27D1796E83100E3FA38 /* SSTextView.m in Sources */,
				BF5BF2851796F52200E3FA38 /* OTAppaloosaDevPanelViewController.m in Sources */,
				BF5BF2891797DBB200E3FA38 /* OTAppaloosaSystemPropertyService.m in Sources */,
				BF5BF28D1797DD4500E3FA38 /* OTAppaloosaConfigProperty.m in Sources */,
				BF5BF2901797EBA400E3FA38 /* OTAppaloosaActionButtonUtil.m in Sources */,
				BFEE7E6B17992BCB007B22AC /* OTConfigPropertyCell.m in Sources */,
				BF08699217994607001B87E4 /* UIColor+Appaloosa.m in Sources */,
			);
			runOnlyForDeploymentPostprocessing = 0;
		};
/* End PBXSourcesBuildPhase section */

/* Begin PBXVariantGroup section */
		69515B1B16C2B70C0090AB82 /* InfoPlist.strings */ = {
			isa = PBXVariantGroup;
			children = (
				69515B1C16C2B70C0090AB82 /* en */,
			);
			name = InfoPlist.strings;
			sourceTree = "<group>";
		};
/* End PBXVariantGroup section */

/* Begin XCBuildConfiguration section */
		69515B3316C2B70C0090AB82 /* Debug */ = {
			isa = XCBuildConfiguration;
			buildSettings = {
				ALWAYS_SEARCH_USER_PATHS = NO;
				CLANG_CXX_LANGUAGE_STANDARD = "gnu++0x";
				CLANG_CXX_LIBRARY = "libc++";
				CLANG_ENABLE_OBJC_ARC = YES;
				CLANG_WARN_EMPTY_BODY = YES;
				CLANG_WARN__DUPLICATE_METHOD_MATCH = YES;
				"CODE_SIGN_IDENTITY[sdk=iphoneos*]" = "iPhone Developer";
				COPY_PHASE_STRIP = NO;
				GCC_C_LANGUAGE_STANDARD = gnu99;
				GCC_DYNAMIC_NO_PIC = NO;
				GCC_OPTIMIZATION_LEVEL = 0;
				GCC_PREPROCESSOR_DEFINITIONS = (
					"DEBUG=1",
					"$(inherited)",
				);
				GCC_SYMBOLS_PRIVATE_EXTERN = NO;
				GCC_WARN_ABOUT_RETURN_TYPE = YES;
				GCC_WARN_UNINITIALIZED_AUTOS = YES;
				GCC_WARN_UNUSED_VARIABLE = YES;
				IPHONEOS_DEPLOYMENT_TARGET = 6.0;
				ONLY_ACTIVE_ARCH = YES;
				SDKROOT = iphoneos;
				TARGETED_DEVICE_FAMILY = "1,2";
			};
			name = Debug;
		};
		69515B3416C2B70C0090AB82 /* Release */ = {
			isa = XCBuildConfiguration;
			buildSettings = {
				ALWAYS_SEARCH_USER_PATHS = NO;
				CLANG_CXX_LANGUAGE_STANDARD = "gnu++0x";
				CLANG_CXX_LIBRARY = "libc++";
				CLANG_ENABLE_OBJC_ARC = YES;
				CLANG_WARN_EMPTY_BODY = YES;
				CLANG_WARN__DUPLICATE_METHOD_MATCH = YES;
				"CODE_SIGN_IDENTITY[sdk=iphoneos*]" = "iPhone Developer";
				COPY_PHASE_STRIP = YES;
				GCC_C_LANGUAGE_STANDARD = gnu99;
				GCC_WARN_ABOUT_RETURN_TYPE = YES;
				GCC_WARN_UNINITIALIZED_AUTOS = YES;
				GCC_WARN_UNUSED_VARIABLE = YES;
				IPHONEOS_DEPLOYMENT_TARGET = 6.0;
				OTHER_CFLAGS = "-DNS_BLOCK_ASSERTIONS=1";
				SDKROOT = iphoneos;
				TARGETED_DEVICE_FAMILY = "1,2";
				VALIDATE_PRODUCT = YES;
			};
			name = Release;
		};
		69515B3616C2B70C0090AB82 /* Debug */ = {
			isa = XCBuildConfiguration;
			baseConfigurationReference = A82D169D6E134C88ABC7B178 /* Pods.xcconfig */;
			buildSettings = {
				"CODE_SIGN_IDENTITY[sdk=iphoneos*]" = "iPhone Developer: Mahmoud Mouhamed-Reda (HVWKB4C8KC)";
				GCC_PRECOMPILE_PREFIX_HEADER = YES;
				GCC_PREFIX_HEADER = "OTInAppFeedback/OTInAppFeedback-Prefix.pch";
				INFOPLIST_FILE = "OTInAppFeedback/OTInAppFeedback-Info.plist";
				IPHONEOS_DEPLOYMENT_TARGET = 5.0;
				PRODUCT_NAME = "$(TARGET_NAME)";
				"PROVISIONING_PROFILE[sdk=iphoneos*]" = "BA27C526-594C-4F2F-A040-12655DAA31B3";
				WRAPPER_EXTENSION = app;
			};
			name = Debug;
		};
		69515B3716C2B70C0090AB82 /* Release */ = {
			isa = XCBuildConfiguration;
			baseConfigurationReference = A82D169D6E134C88ABC7B178 /* Pods.xcconfig */;
			buildSettings = {
				GCC_PRECOMPILE_PREFIX_HEADER = YES;
				GCC_PREFIX_HEADER = "OTInAppFeedback/OTInAppFeedback-Prefix.pch";
				INFOPLIST_FILE = "OTInAppFeedback/OTInAppFeedback-Info.plist";
				IPHONEOS_DEPLOYMENT_TARGET = 5.0;
				PRODUCT_NAME = "$(TARGET_NAME)";
				WRAPPER_EXTENSION = app;
			};
			name = Release;
		};
/* End XCBuildConfiguration section */

/* Begin XCConfigurationList section */
		69515B0816C2B70C0090AB82 /* Build configuration list for PBXProject "OTInAppFeedback" */ = {
			isa = XCConfigurationList;
			buildConfigurations = (
				69515B3316C2B70C0090AB82 /* Debug */,
				69515B3416C2B70C0090AB82 /* Release */,
			);
			defaultConfigurationIsVisible = 0;
			defaultConfigurationName = Release;
		};
		69515B3516C2B70C0090AB82 /* Build configuration list for PBXNativeTarget "OTInAppFeedback" */ = {
			isa = XCConfigurationList;
			buildConfigurations = (
				69515B3616C2B70C0090AB82 /* Debug */,
				69515B3716C2B70C0090AB82 /* Release */,
			);
			defaultConfigurationIsVisible = 0;
			defaultConfigurationName = Release;
		};
/* End XCConfigurationList section */
	};
	rootObject = 69515B0516C2B70C0090AB82 /* Project object */;
}
